
Microsoft Visual Studio Solution File, Format Version 12.00
# Visual Studio Version 17
VisualStudioVersion = 17.8.34601.278
MinimumVisualStudioVersion = 10.0.40219.1
Project("{FAE04EC0-301F-11D3-BF4B-00C04F79EFBC}") = "return-of-the-coder", "return-of-the-coder.csproj", "{CC4B3D1C-188C-438B-A340-002A3C98A4FF}"
EndProject
Global
	GlobalSection(SolutionConfigurationPlatforms) = preSolution
		Debug|Any CPU = Debug|Any CPU
		Release|Any CPU = Release|Any CPU
	EndGlobalSection
	GlobalSection(ProjectConfigurationPlatforms) = postSolution
		{CC4B3D1C-188C-438B-A340-002A3C98A4FF}.Debug|Any CPU.ActiveCfg = Debug|Any CPU
		{CC4B3D1C-188C-438B-A340-002A3C98A4FF}.Debug|Any CPU.Build.0 = Debug|Any CPU
		{CC4B3D1C-188C-438B-A340-002A3C98A4FF}.Release|Any CPU.ActiveCfg = Release|Any CPU
		{CC4B3D1C-188C-438B-A340-002A3C98A4FF}.Release|Any CPU.Build.0 = Release|Any CPU
	EndGlobalSection
	GlobalSection(SolutionProperties) = preSolution
		HideSolutionNode = FALSE
	EndGlobalSection
	GlobalSection(ExtensibilityGlobals) = postSolution
		SolutionGuid = {51E8D28C-5326-4CCF-B3AC-B8354BD8DE26}
	EndGlobalSection
EndGlobal
